
Microsoft Visual Studio Solution File, Format Version 12.00
# Visual Studio 15
VisualStudioVersion = 15.0.27130.2020
MinimumVisualStudioVersion = 10.0.40219.1
Project("{FAE04EC0-301F-11D3-BF4B-00C04F79EFBC}") = "RestDemo.Client", "RestDemo.Client\RestDemo.Client.csproj", "{F1FC26F6-1980-4D02-80AF-9454516BA5AA}"
EndProject
Project("{FAE04EC0-301F-11D3-BF4B-00C04F79EFBC}") = "RestDemo.Classic", "RestDemo.Classic\RestDemo.Classic.csproj", "{2A32CBE0-5508-4323-8C54-F25DBADAC15C}"
EndProject
Global
	GlobalSection(SolutionConfigurationPlatforms) = preSolution
		Debug|Any CPU = Debug|Any CPU
		Release|Any CPU = Release|Any CPU
	EndGlobalSection
	GlobalSection(ProjectConfigurationPlatforms) = postSolution
		{F1FC26F6-1980-4D02-80AF-9454516BA5AA}.Debug|Any CPU.ActiveCfg = Debug|Any CPU
		{F1FC26F6-1980-4D02-80AF-9454516BA5AA}.Debug|Any CPU.Build.0 = Debug|Any CPU
		{F1FC26F6-1980-4D02-80AF-9454516BA5AA}.Release|Any CPU.ActiveCfg = Release|Any CPU
		{F1FC26F6-1980-4D02-80AF-9454516BA5AA}.Release|Any CPU.Build.0 = Release|Any CPU
		{2A32CBE0-5508-4323-8C54-F25DBADAC15C}.Debug|Any CPU.ActiveCfg = Debug|Any CPU
		{2A32CBE0-5508-4323-8C54-F25DBADAC15C}.Debug|Any CPU.Build.0 = Debug|Any CPU
		{2A32CBE0-5508-4323-8C54-F25DBADAC15C}.Release|Any CPU.ActiveCfg = Release|Any CPU
		{2A32CBE0-5508-4323-8C54-F25DBADAC15C}.Release|Any CPU.Build.0 = Release|Any CPU
	EndGlobalSection
	GlobalSection(SolutionProperties) = preSolution
		HideSolutionNode = FALSE
	EndGlobalSection
	GlobalSection(ExtensibilityGlobals) = postSolution
		SolutionGuid = {B83B8159-02DF-48C4-BB31-39EE54432675}
	EndGlobalSection
EndGlobal
